
Microsoft Visual Studio Solution File, Format Version 12.00
# Visual Studio Version 16
VisualStudioVersion = 16.0.32002.261
MinimumVisualStudioVersion = 10.0.40219.1
Project("{FAE04EC0-301F-11D3-BF4B-00C04F79EFBC}") = "College_Project", "College_Project\College_Project.csproj", "{DD74AEE1-4506-47E0-B5C7-9988B4B3EDBD}"
EndProject
Global
	GlobalSection(SolutionConfigurationPlatforms) = preSolution
		Debug|Any CPU = Debug|Any CPU
		Release|Any CPU = Release|Any CPU
	EndGlobalSection
	GlobalSection(ProjectConfigurationPlatforms) = postSolution
		{DD74AEE1-4506-47E0-B5C7-9988B4B3EDBD}.Debug|Any CPU.ActiveCfg = Debug|Any CPU
		{DD74AEE1-4506-47E0-B5C7-9988B4B3EDBD}.Debug|Any CPU.Build.0 = Debug|Any CPU
		{DD74AEE1-4506-47E0-B5C7-9988B4B3EDBD}.Release|Any CPU.ActiveCfg = Release|Any CPU
		{DD74AEE1-4506-47E0-B5C7-9988B4B3EDBD}.Release|Any CPU.Build.0 = Release|Any CPU
	EndGlobalSection
	GlobalSection(SolutionProperties) = preSolution
		HideSolutionNode = FALSE
	EndGlobalSection
	GlobalSection(ExtensibilityGlobals) = postSolution
		SolutionGuid = {E407C7C1-3BBE-42A4-8482-E3E885E2F52F}
	EndGlobalSection
EndGlobal
